// !$*UTF8*$!
{
	archiveVersion = 1;
	classes = {
	};
	objectVersion = 46;
	objects = {

/* Begin PBXAggregateTarget section */
		BD6DC14529FE0FDF3F87624B /* Qt Preprocess */ = {
			isa = PBXAggregateTarget;
			buildConfigurationList = 6CC3B5D2136C7CD6A5CF5A59 /* Build configuration list for PBXNativeTarget "ResumeApp" */;
			buildPhases = (
				5E618435888B9D49F8540165 /* Qt Qmake */,
				7EF0942E79C014DCEC8976BC /* Qt Preprocessors */,
			);
			dependencies = (
			);
			name = "Qt Preprocess";
			productName = "Qt Preprocess";
		};
/* End PBXAggregateTarget section */

/* Begin PBXBuildFile section */
		24136D4B0646F115971142E4 /* MainWindow.cpp in Compile Sources */ = {isa = PBXBuildFile; fileRef = 86B41ACD13E340D10BBD325C /* MainWindow.cpp */; settings = {ATTRIBUTES = (); }; };
		29DBCED1E94A498E7A83EE3F /* QtCore.framework in Link Binary With Libraries */ = {isa = PBXBuildFile; fileRef = 3DBC7F7DA8296AA40A1DF1C1 /* QtCore.framework */; };
		657CA5579AF5894330033513 /* moc_mainwindow.cpp in Compile Sources */ = {isa = PBXBuildFile; fileRef = 362E9920E6CFD310DB5AA4DE /* moc_mainwindow.cpp */; settings = {ATTRIBUTES = (); }; };
		7EC2AB01C2301FB6FE66798C /* QtGui.framework in Link Binary With Libraries */ = {isa = PBXBuildFile; fileRef = 70B9DB3FCF9CC110BFDDC81C /* QtGui.framework */; };
		8771A8C96E9C391044035D99 /* OpenGL.framework in Link Binary With Libraries */ = {isa = PBXBuildFile; fileRef = D4B32C2222F82AC56BADEB21 /* OpenGL.framework */; };
		8D267F2E4776F0ECA2F49DC8 /* IOKit.framework in Link Binary With Libraries */ = {isa = PBXBuildFile; fileRef = A1A67BEAA744704B29168D39 /* IOKit.framework */; };
		9FB6A0E7EDA7EF43B130E448 /* main.cpp in Compile Sources */ = {isa = PBXBuildFile; fileRef = 124613067437C2FEE9AE294D /* main.cpp */; settings = {ATTRIBUTES = (); }; };
		A99B2AA0F9CBBDD12BA126A4 /* DiskArbitration.framework in Link Binary With Libraries */ = {isa = PBXBuildFile; fileRef = 2B774D8E4178765CE52EAAF5 /* DiskArbitration.framework */; };
		AD6E768B972AED5157F2507B /* dummy.cpp in Compile Sources */ = {isa = PBXBuildFile; fileRef = AAF38BAEB3331C88466FEDBC /* dummy.cpp */; settings = {ATTRIBUTES = (); }; };
		C9EC11831E8317E1005701EC /* MainApplication.cpp in Compile Sources */ = {isa = PBXBuildFile; fileRef = C9EC11811E8317E1005701EC /* MainApplication.cpp */; };
		C9EC11861E833401005701EC /* TabBase.cpp in Compile Sources */ = {isa = PBXBuildFile; fileRef = C9EC11841E833401005701EC /* TabBase.cpp */; };
		C9EC11891E833AA4005701EC /* PriorWorkExperienceTab.cpp in Compile Sources */ = {isa = PBXBuildFile; fileRef = C9EC11871E833AA4005701EC /* PriorWorkExperienceTab.cpp */; };
		C9EC118C1E83441C005701EC /* ContactInfoTab.cpp in Compile Sources */ = {isa = PBXBuildFile; fileRef = C9EC118A1E83441C005701EC /* ContactInfoTab.cpp */; };
		C9EC118F1E834436005701EC /* WorkSkillsTab.cpp in Compile Sources */ = {isa = PBXBuildFile; fileRef = C9EC118D1E834436005701EC /* WorkSkillsTab.cpp */; };
		C9EC11921E834446005701EC /* PersonalInfoTab.cpp in Compile Sources */ = {isa = PBXBuildFile; fileRef = C9EC11901E834446005701EC /* PersonalInfoTab.cpp */; };
		E45E51A644D5FC9F942ECE55 /* AGL.framework in Link Binary With Libraries */ = {isa = PBXBuildFile; fileRef = 8D9815BDB5BD9F90D2BC05C5 /* AGL.framework */; };
		EB1E2840776F84AC1AADC83E /* QtWidgets.framework in Link Binary With Libraries */ = {isa = PBXBuildFile; fileRef = 3286DF9230840824B0DACDF1 /* QtWidgets.framework */; };
/* End PBXBuildFile section */

/* Begin PBXContainerItemProxy section */
		C9EC11801E831627005701EC /* PBXContainerItemProxy */ = {
			isa = PBXContainerItemProxy;
			containerPortal = 6DB9C3763D02B1415CD9D565 /* Project object */;
			proxyType = 1;
			remoteGlobalIDString = BD6DC14529FE0FDF3F87624B;
			remoteInfo = "Qt Preprocess";
		};
/* End PBXContainerItemProxy section */

/* Begin PBXFileReference section */
		124613067437C2FEE9AE294D /* main.cpp */ = {isa = PBXFileReference; lastKnownFileType = sourcecode.cpp.cpp; name = main.cpp; path = /Users/karp/ResumeApp/main.cpp; sourceTree = "<absolute>"; };
		1BFB22FEA94B09D7E2B8CAE5 /* ResumeApp.app */ = {isa = PBXFileReference; explicitFileType = wrapper.application; includeInIndex = 0; path = ResumeApp.app; sourceTree = BUILT_PRODUCTS_DIR; };
		2B774D8E4178765CE52EAAF5 /* DiskArbitration.framework */ = {isa = PBXFileReference; lastKnownFileType = wrapper.framework; name = DiskArbitration.framework; path = /System/Library/Frameworks/DiskArbitration.framework; sourceTree = "<absolute>"; };
		3286DF9230840824B0DACDF1 /* QtWidgets.framework */ = {isa = PBXFileReference; lastKnownFileType = wrapper.framework; name = QtWidgets.framework; path = /usr/local/Cellar/qt5/5.8.0_1/lib/QtWidgets.framework; sourceTree = "<absolute>"; };
		345AA0E661D70D2638035491 /* MainWindow.h */ = {isa = PBXFileReference; lastKnownFileType = sourcecode.c.h; name = MainWindow.h; path = /Users/karp/ResumeApp/MainWindow.h; sourceTree = "<absolute>"; };
		362E9920E6CFD310DB5AA4DE /* moc_mainwindow.cpp */ = {isa = PBXFileReference; lastKnownFileType = sourcecode.cpp.cpp; name = moc_mainwindow.cpp; path = /Users/karp/ResumeApp/moc_mainwindow.cpp; sourceTree = "<absolute>"; };
		3DBC7F7DA8296AA40A1DF1C1 /* QtCore.framework */ = {isa = PBXFileReference; lastKnownFileType = wrapper.framework; name = QtCore.framework; path = /usr/local/Cellar/qt5/5.8.0_1/lib/QtCore.framework; sourceTree = "<absolute>"; };
		63B1E2D7698C777F20056801 /* mainwindow.ui */ = {isa = PBXFileReference; lastKnownFileType = text; name = mainwindow.ui; path = /Users/karp/ResumeApp/mainwindow.ui; sourceTree = "<absolute>"; };
		684840678C0FE26B2D8E4132 /* ui_mainwindow.h */ = {isa = PBXFileReference; lastKnownFileType = sourcecode.c.h; name = ui_mainwindow.h; path = /Users/karp/ResumeApp/ui_mainwindow.h; sourceTree = "<absolute>"; };
		70B9DB3FCF9CC110BFDDC81C /* QtGui.framework */ = {isa = PBXFileReference; lastKnownFileType = wrapper.framework; name = QtGui.framework; path = /usr/local/Cellar/qt5/5.8.0_1/lib/QtGui.framework; sourceTree = "<absolute>"; };
		86B41ACD13E340D10BBD325C /* MainWindow.cpp */ = {isa = PBXFileReference; lastKnownFileType = sourcecode.cpp.cpp; name = MainWindow.cpp; path = /Users/karp/ResumeApp/MainWindow.cpp; sourceTree = "<absolute>"; };
		89A9D426E808EC496D8D37B7 /* ResumeApp.pro */ = {isa = PBXFileReference; lastKnownFileType = text; name = ResumeApp.pro; path = /Users/karp/ResumeApp/ResumeApp.pro; sourceTree = "<absolute>"; };
		8D9815BDB5BD9F90D2BC05C5 /* AGL.framework */ = {isa = PBXFileReference; lastKnownFileType = wrapper.framework; name = AGL.framework; path = /System/Library/Frameworks/AGL.framework; sourceTree = "<absolute>"; };
		A1A67BEAA744704B29168D39 /* IOKit.framework */ = {isa = PBXFileReference; lastKnownFileType = wrapper.framework; name = IOKit.framework; path = /System/Library/Frameworks/IOKit.framework; sourceTree = "<absolute>"; };
		AAF38BAEB3331C88466FEDBC /* dummy.cpp */ = {isa = PBXFileReference; lastKnownFileType = sourcecode.cpp.cpp; name = dummy.cpp; path = /usr/local/Cellar/qt5/5.8.0_1/mkspecs/features/data/dummy.cpp; sourceTree = "<absolute>"; };
		C9EC11811E8317E1005701EC /* MainApplication.cpp */ = {isa = PBXFileReference; fileEncoding = 4; lastKnownFileType = sourcecode.cpp.cpp; path = MainApplication.cpp; sourceTree = "<group>"; };
		C9EC11821E8317E1005701EC /* MainApplication.h */ = {isa = PBXFileReference; fileEncoding = 4; lastKnownFileType = sourcecode.c.h; path = MainApplication.h; sourceTree = "<group>"; };
		C9EC11841E833401005701EC /* TabBase.cpp */ = {isa = PBXFileReference; fileEncoding = 4; lastKnownFileType = sourcecode.cpp.cpp; path = TabBase.cpp; sourceTree = "<group>"; };
		C9EC11851E833401005701EC /* TabBase.h */ = {isa = PBXFileReference; fileEncoding = 4; lastKnownFileType = sourcecode.c.h; path = TabBase.h; sourceTree = "<group>"; };
		C9EC11871E833AA4005701EC /* PriorWorkExperienceTab.cpp */ = {isa = PBXFileReference; fileEncoding = 4; lastKnownFileType = sourcecode.cpp.cpp; path = PriorWorkExperienceTab.cpp; sourceTree = "<group>"; };
		C9EC11881E833AA4005701EC /* PriorWorkExperienceTab.h */ = {isa = PBXFileReference; fileEncoding = 4; lastKnownFileType = sourcecode.c.h; path = PriorWorkExperienceTab.h; sourceTree = "<group>"; };
		C9EC118A1E83441C005701EC /* ContactInfoTab.cpp */ = {isa = PBXFileReference; fileEncoding = 4; lastKnownFileType = sourcecode.cpp.cpp; path = ContactInfoTab.cpp; sourceTree = "<group>"; };
		C9EC118B1E83441C005701EC /* ContactInfoTab.h */ = {isa = PBXFileReference; fileEncoding = 4; lastKnownFileType = sourcecode.c.h; path = ContactInfoTab.h; sourceTree = "<group>"; };
		C9EC118D1E834436005701EC /* WorkSkillsTab.cpp */ = {isa = PBXFileReference; fileEncoding = 4; lastKnownFileType = sourcecode.cpp.cpp; path = WorkSkillsTab.cpp; sourceTree = "<group>"; };
		C9EC118E1E834436005701EC /* WorkSkillsTab.h */ = {isa = PBXFileReference; fileEncoding = 4; lastKnownFileType = sourcecode.c.h; path = WorkSkillsTab.h; sourceTree = "<group>"; };
		C9EC11901E834446005701EC /* PersonalInfoTab.cpp */ = {isa = PBXFileReference; fileEncoding = 4; lastKnownFileType = sourcecode.cpp.cpp; path = PersonalInfoTab.cpp; sourceTree = "<group>"; };
		C9EC11911E834446005701EC /* PersonalInfoTab.h */ = {isa = PBXFileReference; fileEncoding = 4; lastKnownFileType = sourcecode.c.h; path = PersonalInfoTab.h; sourceTree = "<group>"; };
		D4B32C2222F82AC56BADEB21 /* OpenGL.framework */ = {isa = PBXFileReference; lastKnownFileType = wrapper.framework; name = OpenGL.framework; path = /System/Library/Frameworks/OpenGL.framework; sourceTree = "<absolute>"; };
		F7E9A99A162043C44DA71780 /* .qmake.stash */ = {isa = PBXFileReference; lastKnownFileType = text; name = .qmake.stash; path = /Users/karp/ResumeApp/.qmake.stash; sourceTree = "<absolute>"; };
/* End PBXFileReference section */

/* Begin PBXFrameworksBuildPhase section */
		D1C883685E82D5676953459A /* Link Binary With Libraries */ = {
			isa = PBXFrameworksBuildPhase;
			buildActionMask = 2147483647;
			files = (
				EB1E2840776F84AC1AADC83E /* QtWidgets.framework in Link Binary With Libraries */,
				7EC2AB01C2301FB6FE66798C /* QtGui.framework in Link Binary With Libraries */,
				29DBCED1E94A498E7A83EE3F /* QtCore.framework in Link Binary With Libraries */,
				A99B2AA0F9CBBDD12BA126A4 /* DiskArbitration.framework in Link Binary With Libraries */,
				8D267F2E4776F0ECA2F49DC8 /* IOKit.framework in Link Binary With Libraries */,
				8771A8C96E9C391044035D99 /* OpenGL.framework in Link Binary With Libraries */,
				E45E51A644D5FC9F942ECE55 /* AGL.framework in Link Binary With Libraries */,
			);
			name = "Link Binary With Libraries";
			runOnlyForDeploymentPostprocessing = 0;
		};
/* End PBXFrameworksBuildPhase section */

/* Begin PBXGroup section */
		12E908B8A1C3C07C115504F5 /* Sources [uic] */ = {
			isa = PBXGroup;
			children = (
				63B1E2D7698C777F20056801 /* mainwindow.ui */,
			);
			name = "Sources [uic]";
			sourceTree = "<group>";
		};
		25B08E2869634E9BCBA333A2 /* Generated Sources */ = {
			isa = PBXGroup;
			children = (
				362E9920E6CFD310DB5AA4DE /* moc_mainwindow.cpp */,
				684840678C0FE26B2D8E4132 /* ui_mainwindow.h */,
			);
			name = "Generated Sources";
			sourceTree = "<group>";
		};
		2EB56BE3C2D93CDAB0C52E67 /* Sources */ = {
			isa = PBXGroup;
			children = (
				124613067437C2FEE9AE294D /* main.cpp */,
				86B41ACD13E340D10BBD325C /* MainWindow.cpp */,
				345AA0E661D70D2638035491 /* MainWindow.h */,
				C9EC118A1E83441C005701EC /* ContactInfoTab.cpp */,
				C9EC118B1E83441C005701EC /* ContactInfoTab.h */,
				C9EC118D1E834436005701EC /* WorkSkillsTab.cpp */,
				C9EC118E1E834436005701EC /* WorkSkillsTab.h */,
				C9EC11901E834446005701EC /* PersonalInfoTab.cpp */,
				C9EC11911E834446005701EC /* PersonalInfoTab.h */,
				C9EC11841E833401005701EC /* TabBase.cpp */,
				C9EC11851E833401005701EC /* TabBase.h */,
				C9EC11871E833AA4005701EC /* PriorWorkExperienceTab.cpp */,
				C9EC11881E833AA4005701EC /* PriorWorkExperienceTab.h */,
				C9EC11811E8317E1005701EC /* MainApplication.cpp */,
				C9EC11821E8317E1005701EC /* MainApplication.h */,
			);
			name = Sources;
			sourceTree = "<group>";
		};
		74B182DB50CB5611B5C1C297 /* Supporting Files */ = {
			isa = PBXGroup;
			children = (
				89A9D426E808EC496D8D37B7 /* ResumeApp.pro */,
				F7E9A99A162043C44DA71780 /* .qmake.stash */,
			);
			name = "Supporting Files";
			sourceTree = "<group>";
		};
		AF39DD055C3EF8226FBE929D /* Frameworks */ = {
			isa = PBXGroup;
			children = (
				3286DF9230840824B0DACDF1 /* QtWidgets.framework */,
				70B9DB3FCF9CC110BFDDC81C /* QtGui.framework */,
				3DBC7F7DA8296AA40A1DF1C1 /* QtCore.framework */,
				2B774D8E4178765CE52EAAF5 /* DiskArbitration.framework */,
				A1A67BEAA744704B29168D39 /* IOKit.framework */,
				D4B32C2222F82AC56BADEB21 /* OpenGL.framework */,
				8D9815BDB5BD9F90D2BC05C5 /* AGL.framework */,
			);
			name = Frameworks;
			sourceTree = "<group>";
		};
		B8254625CFD509ED2A24A166 /* Sources [moc_predefs] */ = {
			isa = PBXGroup;
			children = (
				AAF38BAEB3331C88466FEDBC /* dummy.cpp */,
			);
			name = "Sources [moc_predefs]";
			sourceTree = "<group>";
		};
		E8C543AB96796ECAA2E65C57 /* ResumeApp */ = {
			isa = PBXGroup;
			children = (
				2EB56BE3C2D93CDAB0C52E67 /* Sources */,
				25B08E2869634E9BCBA333A2 /* Generated Sources */,
				74B182DB50CB5611B5C1C297 /* Supporting Files */,
				B8254625CFD509ED2A24A166 /* Sources [moc_predefs] */,
				12E908B8A1C3C07C115504F5 /* Sources [uic] */,
				AF39DD055C3EF8226FBE929D /* Frameworks */,
				FE0A091FDBFB3E9C31B7A1BD /* Products */,
			);
			name = ResumeApp;
			sourceTree = "<group>";
		};
		FE0A091FDBFB3E9C31B7A1BD /* Products */ = {
			isa = PBXGroup;
			children = (
				1BFB22FEA94B09D7E2B8CAE5 /* ResumeApp.app */,
			);
			name = Products;
			sourceTree = "<group>";
		};
/* End PBXGroup section */

/* Begin PBXNativeTarget section */
		1E82B9B32D859BCE5AAD11D2 /* ResumeApp */ = {
			isa = PBXNativeTarget;
			buildConfigurationList = 6CC3B5D2136C7CD6A5CF5A59 /* Build configuration list for PBXNativeTarget "ResumeApp" */;
			buildPhases = (
				F7E50F631C51CD5B5DC0BC43 /* Compile Sources */,
				D1C883685E82D5676953459A /* Link Binary With Libraries */,
				30414803F31797EB689AE508 /* Copy Bundle Resources */,
			);
			buildRules = (
			);
			dependencies = (
				FCEB2E2DC20BF408BB955A97 /* PBXTargetDependency */,
			);
			name = ResumeApp;
			productName = ResumeApp;
			productReference = 1BFB22FEA94B09D7E2B8CAE5 /* ResumeApp.app */;
			productType = "com.apple.product-type.application";
		};
/* End PBXNativeTarget section */

/* Begin PBXProject section */
		6DB9C3763D02B1415CD9D565 /* Project object */ = {
			isa = PBXProject;
			attributes = {
			};
			buildConfigurationList = DAC4C1AA5EDEA1C85E9CA5E6 /* Build configuration list for PBXProject "ResumeApp" */;
			compatibilityVersion = "Xcode 3.2";
			developmentRegion = English;
			hasScannedForEncodings = 1;
			knownRegions = (
				en,
			);
			mainGroup = E8C543AB96796ECAA2E65C57 /* ResumeApp */;
			productRefGroup = FE0A091FDBFB3E9C31B7A1BD /* Products */;
			projectDirPath = "";
			projectRoot = "";
			targets = (
				1E82B9B32D859BCE5AAD11D2 /* ResumeApp */,
				BD6DC14529FE0FDF3F87624B /* Qt Preprocess */,
			);
		};
/* End PBXProject section */

/* Begin PBXResourcesBuildPhase section */
		30414803F31797EB689AE508 /* Copy Bundle Resources */ = {
			isa = PBXResourcesBuildPhase;
			buildActionMask = 2147483647;
			files = (
			);
			name = "Copy Bundle Resources";
			runOnlyForDeploymentPostprocessing = 0;
		};
/* End PBXResourcesBuildPhase section */

/* Begin PBXShellScriptBuildPhase section */
		5E618435888B9D49F8540165 /* Qt Qmake */ = {
			isa = PBXShellScriptBuildPhase;
			buildActionMask = 2147483647;
			files = (
			);
			name = "Qt Qmake";
			runOnlyForDeploymentPostprocessing = 0;
			shellPath = /bin/sh;
			shellScript = "make -C /Users/karp/ResumeApp/ -f ResumeApp.xcodeproj/qt_makeqmake.mak";
			showEnvVarsInLog = 0;
		};
		7EF0942E79C014DCEC8976BC /* Qt Preprocessors */ = {
			isa = PBXShellScriptBuildPhase;
			buildActionMask = 2147483647;
			files = (
			);
			name = "Qt Preprocessors";
			runOnlyForDeploymentPostprocessing = 0;
			shellPath = /bin/sh;
			shellScript = "make -C /Users/karp/ResumeApp/ -f ResumeApp.xcodeproj/qt_preprocess.mak";
			showEnvVarsInLog = 0;
		};
/* End PBXShellScriptBuildPhase section */

/* Begin PBXSourcesBuildPhase section */
		F7E50F631C51CD5B5DC0BC43 /* Compile Sources */ = {
			isa = PBXSourcesBuildPhase;
			buildActionMask = 2147483647;
			files = (
				9FB6A0E7EDA7EF43B130E448 /* main.cpp in Compile Sources */,
				C9EC11891E833AA4005701EC /* PriorWorkExperienceTab.cpp in Compile Sources */,
				C9EC118C1E83441C005701EC /* ContactInfoTab.cpp in Compile Sources */,
				C9EC11921E834446005701EC /* PersonalInfoTab.cpp in Compile Sources */,
				24136D4B0646F115971142E4 /* MainWindow.cpp in Compile Sources */,
				C9EC11861E833401005701EC /* TabBase.cpp in Compile Sources */,
				657CA5579AF5894330033513 /* moc_mainwindow.cpp in Compile Sources */,
				C9EC11831E8317E1005701EC /* MainApplication.cpp in Compile Sources */,
				C9EC118F1E834436005701EC /* WorkSkillsTab.cpp in Compile Sources */,
				AD6E768B972AED5157F2507B /* dummy.cpp in Compile Sources */,
			);
			name = "Compile Sources";
			runOnlyForDeploymentPostprocessing = 0;
		};
/* End PBXSourcesBuildPhase section */

/* Begin PBXTargetDependency section */
		FCEB2E2DC20BF408BB955A97 /* PBXTargetDependency */ = {
			isa = PBXTargetDependency;
			target = BD6DC14529FE0FDF3F87624B /* Qt Preprocess */;
			targetProxy = C9EC11801E831627005701EC /* PBXContainerItemProxy */;
		};
/* End PBXTargetDependency section */

/* Begin XCBuildConfiguration section */
		339EE1B2CC4FC24589A0EA95 /* Release */ = {
			isa = XCBuildConfiguration;
			buildSettings = {
				ARCHS = x86_64;
				CC = /Applications/Xcode.app/Contents/Developer/Toolchains/XcodeDefault.xctoolchain/usr/bin/clang;
				COPY_PHASE_STRIP = YES;
				DYLIB_COMPATIBILITY_VERSION = 1.0;
				DYLIB_CURRENT_VERSION = 1.0.0;
				ENABLE_BITCODE = NO;
				FRAMEWORK_SEARCH_PATHS = (
					/usr/local/Cellar/qt5/5.8.0_1/lib,
					/usr/local/Cellar/qt5/5.8.0_1/lib,
				);
				GCC_GENERATE_DEBUGGING_SYMBOLS = NO;
				GCC_VERSION = com.apple.compilers.llvm.clang.1_0;
				HEADER_SEARCH_PATHS = (
					.,
					/usr/local/Cellar/qt5/5.8.0_1/lib/QtWidgets.framework/Headers,
					/usr/local/Cellar/qt5/5.8.0_1/lib/QtGui.framework/Headers,
					/usr/local/Cellar/qt5/5.8.0_1/lib/QtCore.framework/Headers,
					.,
					/Applications/Xcode.app/Contents/Developer/Platforms/MacOSX.platform/Developer/SDKs/MacOSX10.11.sdk/System/Library/Frameworks/OpenGL.framework/Headers,
					/Applications/Xcode.app/Contents/Developer/Platforms/MacOSX.platform/Developer/SDKs/MacOSX10.11.sdk/System/Library/Frameworks/AGL.framework/Headers,
					.,
					"/usr/local/Cellar/qt5/5.8.0_1/mkspecs/macx-clang",
				);
				INFOPLIST_FILE = Info.plist;
				LDPLUSPLUS = "/Applications/Xcode.app/Contents/Developer/Toolchains/XcodeDefault.xctoolchain/usr/bin/clang++";
				LIBRARY_SEARCH_PATHS = (
					/usr/local/Cellar/qt5/5.8.0_1/lib,
					/System/Library/Frameworks/,
				);
				MACOSX_DEPLOYMENT_TARGET = 10.9;
				OTHER_CFLAGS = (
					"-pipe",
					"-O2",
					"-Wall",
					"-W",
					"-fPIC",
					"-DQT_DEPRECATED_WARNINGS",
					"-DQT_NO_DEBUG",
					"-DQT_WIDGETS_LIB",
					"-DQT_GUI_LIB",
					"-DQT_CORE_LIB",
				);
				OTHER_CPLUSPLUSFLAGS = (
					"-pipe",
					"-stdlib=libc++",
					"-O2",
					"-std=gnu++11",
					"-Wall",
					"-W",
					"-fPIC",
					"-DQT_DEPRECATED_WARNINGS",
					"-DQT_NO_DEBUG",
					"-DQT_WIDGETS_LIB",
					"-DQT_GUI_LIB",
					"-DQT_CORE_LIB",
				);
				OTHER_LDFLAGS = (
					"-headerpad_max_install_names",
					"-stdlib=libc++",
					"-F/usr/local/Cellar/qt5/5.8.0_1/lib",
				);
				PRODUCT_NAME = ResumeApp;
				QT_LIBRARY_SUFFIX = "";
				SDKROOT = macosx;
				SYMROOT = /Users/karp/ResumeApp/;
			};
			name = Release;
		};
		3AA6C32AC930069E80220CF1 /* Debug */ = {
			isa = XCBuildConfiguration;
			buildSettings = {
				ARCHS = x86_64;
				CC = /Applications/Xcode.app/Contents/Developer/Toolchains/XcodeDefault.xctoolchain/usr/bin/clang;
				COPY_PHASE_STRIP = NO;
				DYLIB_COMPATIBILITY_VERSION = 1.0;
				DYLIB_CURRENT_VERSION = 1.0.0;
				ENABLE_BITCODE = NO;
				FRAMEWORK_SEARCH_PATHS = (
					/usr/local/Cellar/qt5/5.8.0_1/lib,
					/usr/local/Cellar/qt5/5.8.0_1/lib,
				);
				GCC_GENERATE_DEBUGGING_SYMBOLS = YES;
				GCC_OPTIMIZATION_LEVEL = 0;
				GCC_VERSION = com.apple.compilers.llvm.clang.1_0;
				HEADER_SEARCH_PATHS = (
					.,
					/usr/local/Cellar/qt5/5.8.0_1/lib/QtWidgets.framework/Headers,
					/usr/local/Cellar/qt5/5.8.0_1/lib/QtGui.framework/Headers,
					/usr/local/Cellar/qt5/5.8.0_1/lib/QtCore.framework/Headers,
					.,
					/Applications/Xcode.app/Contents/Developer/Platforms/MacOSX.platform/Developer/SDKs/MacOSX10.11.sdk/System/Library/Frameworks/OpenGL.framework/Headers,
					/Applications/Xcode.app/Contents/Developer/Platforms/MacOSX.platform/Developer/SDKs/MacOSX10.11.sdk/System/Library/Frameworks/AGL.framework/Headers,
					.,
					"/usr/local/Cellar/qt5/5.8.0_1/mkspecs/macx-clang",
				);
				INFOPLIST_FILE = Info.plist;
				LDPLUSPLUS = "/Applications/Xcode.app/Contents/Developer/Toolchains/XcodeDefault.xctoolchain/usr/bin/clang++";
				LIBRARY_SEARCH_PATHS = (
					/usr/local/Cellar/qt5/5.8.0_1/lib,
					/System/Library/Frameworks/,
				);
				MACOSX_DEPLOYMENT_TARGET = 10.9;
				OTHER_CFLAGS = (
					"-pipe",
					"-O2",
					"-Wall",
					"-W",
					"-fPIC",
					"-DQT_DEPRECATED_WARNINGS",
					"-DQT_NO_DEBUG",
					"-DQT_WIDGETS_LIB",
					"-DQT_GUI_LIB",
					"-DQT_CORE_LIB",
				);
				OTHER_CPLUSPLUSFLAGS = (
					"-pipe",
					"-stdlib=libc++",
					"-O2",
					"-std=gnu++11",
					"-Wall",
					"-W",
					"-fPIC",
					"-DQT_DEPRECATED_WARNINGS",
					"-DQT_NO_DEBUG",
					"-DQT_WIDGETS_LIB",
					"-DQT_GUI_LIB",
					"-DQT_CORE_LIB",
				);
				OTHER_LDFLAGS = (
					"-headerpad_max_install_names",
					"-stdlib=libc++",
					"-F/usr/local/Cellar/qt5/5.8.0_1/lib",
				);
				PRODUCT_NAME = ResumeApp;
				QT_LIBRARY_SUFFIX = "";
				SDKROOT = macosx;
				SYMROOT = /Users/karp/ResumeApp/;
			};
			name = Debug;
		};
		6666AA5E688052234F6758D8 /* Release */ = {
			isa = XCBuildConfiguration;
			buildSettings = {
				COPY_PHASE_STRIP = YES;
				ENABLE_BITCODE = NO;
				GCC_GENERATE_DEBUGGING_SYMBOLS = NO;
				PRODUCT_NAME = ResumeApp;
				QT_LIBRARY_SUFFIX = "";
				SDKROOT = macosx;
			};
			name = Release;
		};
		77418F46922677BB04ED38DD /* Debug */ = {
			isa = XCBuildConfiguration;
			buildSettings = {
				COPY_PHASE_STRIP = NO;
				ENABLE_BITCODE = NO;
				GCC_GENERATE_DEBUGGING_SYMBOLS = YES;
				GCC_OPTIMIZATION_LEVEL = 0;
				PRODUCT_NAME = ResumeApp;
				QT_LIBRARY_SUFFIX = "";
				SDKROOT = macosx;
			};
			name = Debug;
		};
/* End XCBuildConfiguration section */

/* Begin XCConfigurationList section */
		6CC3B5D2136C7CD6A5CF5A59 /* Build configuration list for PBXNativeTarget "ResumeApp" */ = {
			isa = XCConfigurationList;
			buildConfigurations = (
				77418F46922677BB04ED38DD /* Debug */,
				6666AA5E688052234F6758D8 /* Release */,
			);
			defaultConfigurationIsVisible = 0;
			defaultConfigurationName = Release;
		};
		DAC4C1AA5EDEA1C85E9CA5E6 /* Build configuration list for PBXProject "ResumeApp" */ = {
			isa = XCConfigurationList;
			buildConfigurations = (
				3AA6C32AC930069E80220CF1 /* Debug */,
				339EE1B2CC4FC24589A0EA95 /* Release */,
			);
			defaultConfigurationIsVisible = 0;
			defaultConfigurationName = Release;
		};
/* End XCConfigurationList section */
	};
	rootObject = 6DB9C3763D02B1415CD9D565 /* Project object */;
}
